
Microsoft Visual Studio Solution File, Format Version 12.00
# Visual Studio Version 16
VisualStudioVersion = 16.0.29613.14
MinimumVisualStudioVersion = 10.0.40219.1
Project("{9A19103F-16F7-4668-BE54-9A1E7A4F7556}") = "DevBoost.JWT", "DevBoost.JWT\DevBoost.JWT.csproj", "{756D8C15-7C75-4013-9590-8BE8540A4315}"
EndProject
Global
	GlobalSection(SolutionConfigurationPlatforms) = preSolution
		Debug|Any CPU = Debug|Any CPU
		Release|Any CPU = Release|Any CPU
	EndGlobalSection
	GlobalSection(ProjectConfigurationPlatforms) = postSolution
		{756D8C15-7C75-4013-9590-8BE8540A4315}.Debug|Any CPU.ActiveCfg = Debug|Any CPU
		{756D8C15-7C75-4013-9590-8BE8540A4315}.Debug|Any CPU.Build.0 = Debug|Any CPU
		{756D8C15-7C75-4013-9590-8BE8540A4315}.Release|Any CPU.ActiveCfg = Release|Any CPU
		{756D8C15-7C75-4013-9590-8BE8540A4315}.Release|Any CPU.Build.0 = Release|Any CPU
	EndGlobalSection
	GlobalSection(SolutionProperties) = preSolution
		HideSolutionNode = FALSE
	EndGlobalSection
	GlobalSection(ExtensibilityGlobals) = postSolution
		SolutionGuid = {78243DAE-583A-4470-AF1E-A105F1BC2897}
	EndGlobalSection
EndGlobal
